
Microsoft Visual Studio Solution File, Format Version 12.00
# Visual Studio Version 17
VisualStudioVersion = 17.10.35027.167
MinimumVisualStudioVersion = 10.0.40219.1
Project("{FAE04EC0-301F-11D3-BF4B-00C04F79EFBC}") = "Itmo.DesktopCSCourse.Lab11", "Itmo.DesktopCSCourse.Lab11\Itmo.DesktopCSCourse.Lab11.csproj", "{F0D977FC-9BDD-480B-B49B-E5944FFD1B6E}"
EndProject
Project("{FAE04EC0-301F-11D3-BF4B-00C04F79EFBC}") = "Itmo.DesktopCSCourse.Lab13", "Itmo.DesktopCSCourse.Lab13\Itmo.DesktopCSCourse.Lab13.csproj", "{794A52BD-0F97-44A9-9F08-C2587F1A33D1}"
EndProject
Project("{FAE04EC0-301F-11D3-BF4B-00C04F79EFBC}") = "Itmo.DesktopCSCourse.Lab152", "Itmo.DesktopCSCourse.Lab152\Itmo.DesktopCSCourse.Lab152.csproj", "{86794C4C-6171-4545-87EC-3CB0E9FE8401}"
EndProject
Project("{FAE04EC0-301F-11D3-BF4B-00C04F79EFBC}") = "Itmo.DekctopCSCourse.Lab153", "Itmo.DesktopCSharpCourse.Lab153\Itmo.DekctopCSCourse.Lab153.csproj", "{1BE2280D-ABCC-4D47-B663-95E45E587618}"
EndProject
Project("{FAE04EC0-301F-11D3-BF4B-00C04F79EFBC}") = "Itmo.DesktopCSCourse.Lab21", "Itmo.DesktopCSCourse.Lab21\Itmo.DesktopCSCourse.Lab21.csproj", "{0F658DF6-CDA9-4413-9C30-03DF4D5B857C}"
EndProject
Project("{FAE04EC0-301F-11D3-BF4B-00C04F79EFBC}") = "Itmo.DesktopCSCourse.Lab22", "Itmo.DesktopCSCourseLab22\Itmo.DesktopCSCourse.Lab22.csproj", "{40AB66CD-7852-43E9-81FB-5892C0B8256B}"
EndProject
Project("{FAE04EC0-301F-11D3-BF4B-00C04F79EFBC}") = "Itmo.DesktopCSCourse.Lab25", "Itmo.DesktopCSCourse.Lab25\Itmo.DesktopCSCourse.Lab25.csproj", "{F4FD6B75-6880-4C0D-8D1E-CAF7106E6576}"
EndProject
Project("{FAE04EC0-301F-11D3-BF4B-00C04F79EFBC}") = "Itmo.DesktopCSCourse.MdiApplication", "Itmo.DesktopCSCourse.MdiApplication\Itmo.DesktopCSCourse.MdiApplication.csproj", "{9C8764CF-AED5-4ACE-B2A7-586D6AFDCC97}"
EndProject
Project("{FAE04EC0-301F-11D3-BF4B-00C04F79EFBC}") = "Itmo.DesktopCSCourse.WPFUnit1", "Itmo.DesktopCSCourse.WPFUnit1\Itmo.DesktopCSCourse.WPFUnit1.csproj", "{7CD09BB1-9618-43E4-91AF-9C184CB80A6E}"
EndProject
Project("{FAE04EC0-301F-11D3-BF4B-00C04F79EFBC}") = "Itmo.DesktopCSCourse.WPFUnit13", "Itmo.DesktopCSCourse.WPFUnit13\Itmo.DesktopCSCourse.WPFUnit13.csproj", "{CD6DE77C-654F-4A36-8410-BAB73AFD1DDA}"
EndProject
Project("{FAE04EC0-301F-11D3-BF4B-00C04F79EFBC}") = "Itmo.DesktopCSCourse.WPFUnit2", "Itmo.DesktopCSCourse.WPFUnit2\Itmo.DesktopCSCourse.WPFUnit2.csproj", "{DDEF44A4-EBDF-43A8-9D47-3E9C4C2AC54C}"
EndProject
Project("{FAE04EC0-301F-11D3-BF4B-00C04F79EFBC}") = "Itmo.DecktopCSCourse.WPFUnit3", "Itmo.DecktopCSCourse.WPFUnit3\Itmo.DecktopCSCourse.WPFUnit3.csproj", "{5C26BFC3-8DFD-411B-A9F7-97DB3C3525A1}"
EndProject
Project("{FAE04EC0-301F-11D3-BF4B-00C04F79EFBC}") = "Itmo.DesktopCSCourse.WPFUnit32", "Itmo.DesktopCSCourse.WPFUnit32\Itmo.DesktopCSCourse.WPFUnit32.csproj", "{DAEF0BFE-7C9B-40A6-9D83-1C462F387F39}"
EndProject
Project("{FAE04EC0-301F-11D3-BF4B-00C04F79EFBC}") = "Itmo.DesktopCSCourse.WPFUnit33", "Itmo.DesktopCSCourse.WPFUnit33\Itmo.DesktopCSCourse.WPFUnit33.csproj", "{E2582ED4-60A9-4383-B4B5-0749C987F481}"
EndProject
Project("{FAE04EC0-301F-11D3-BF4B-00C04F79EFBC}") = "Itmo.DesktopCSCourse.WPFUnit8", "Itmo.DestopCSCourse.WPFUnit8\Itmo.DesktopCSCourse.WPFUnit8.csproj", "{516C64D7-D14F-4CDD-A322-19DD15E18BF7}"
EndProject
Global
	GlobalSection(SolutionConfigurationPlatforms) = preSolution
		Debug|Any CPU = Debug|Any CPU
		Release|Any CPU = Release|Any CPU
	EndGlobalSection
	GlobalSection(ProjectConfigurationPlatforms) = postSolution
		{F0D977FC-9BDD-480B-B49B-E5944FFD1B6E}.Debug|Any CPU.ActiveCfg = Debug|Any CPU
		{F0D977FC-9BDD-480B-B49B-E5944FFD1B6E}.Debug|Any CPU.Build.0 = Debug|Any CPU
		{F0D977FC-9BDD-480B-B49B-E5944FFD1B6E}.Release|Any CPU.ActiveCfg = Release|Any CPU
		{F0D977FC-9BDD-480B-B49B-E5944FFD1B6E}.Release|Any CPU.Build.0 = Release|Any CPU
		{794A52BD-0F97-44A9-9F08-C2587F1A33D1}.Debug|Any CPU.ActiveCfg = Debug|Any CPU
		{794A52BD-0F97-44A9-9F08-C2587F1A33D1}.Debug|Any CPU.Build.0 = Debug|Any CPU
		{794A52BD-0F97-44A9-9F08-C2587F1A33D1}.Release|Any CPU.ActiveCfg = Release|Any CPU
		{794A52BD-0F97-44A9-9F08-C2587F1A33D1}.Release|Any CPU.Build.0 = Release|Any CPU
		{86794C4C-6171-4545-87EC-3CB0E9FE8401}.Debug|Any CPU.ActiveCfg = Debug|Any CPU
		{86794C4C-6171-4545-87EC-3CB0E9FE8401}.Debug|Any CPU.Build.0 = Debug|Any CPU
		{86794C4C-6171-4545-87EC-3CB0E9FE8401}.Release|Any CPU.ActiveCfg = Release|Any CPU
		{86794C4C-6171-4545-87EC-3CB0E9FE8401}.Release|Any CPU.Build.0 = Release|Any CPU
		{1BE2280D-ABCC-4D47-B663-95E45E587618}.Debug|Any CPU.ActiveCfg = Debug|Any CPU
		{1BE2280D-ABCC-4D47-B663-95E45E587618}.Debug|Any CPU.Build.0 = Debug|Any CPU
		{1BE2280D-ABCC-4D47-B663-95E45E587618}.Release|Any CPU.ActiveCfg = Release|Any CPU
		{1BE2280D-ABCC-4D47-B663-95E45E587618}.Release|Any CPU.Build.0 = Release|Any CPU
		{0F658DF6-CDA9-4413-9C30-03DF4D5B857C}.Debug|Any CPU.ActiveCfg = Debug|Any CPU
		{0F658DF6-CDA9-4413-9C30-03DF4D5B857C}.Debug|Any CPU.Build.0 = Debug|Any CPU
		{0F658DF6-CDA9-4413-9C30-03DF4D5B857C}.Release|Any CPU.ActiveCfg = Release|Any CPU
		{0F658DF6-CDA9-4413-9C30-03DF4D5B857C}.Release|Any CPU.Build.0 = Release|Any CPU
		{40AB66CD-7852-43E9-81FB-5892C0B8256B}.Debug|Any CPU.ActiveCfg = Debug|Any CPU
		{40AB66CD-7852-43E9-81FB-5892C0B8256B}.Debug|Any CPU.Build.0 = Debug|Any CPU
		{40AB66CD-7852-43E9-81FB-5892C0B8256B}.Release|Any CPU.ActiveCfg = Release|Any CPU
		{40AB66CD-7852-43E9-81FB-5892C0B8256B}.Release|Any CPU.Build.0 = Release|Any CPU
		{F4FD6B75-6880-4C0D-8D1E-CAF7106E6576}.Debug|Any CPU.ActiveCfg = Debug|Any CPU
		{F4FD6B75-6880-4C0D-8D1E-CAF7106E6576}.Debug|Any CPU.Build.0 = Debug|Any CPU
		{F4FD6B75-6880-4C0D-8D1E-CAF7106E6576}.Release|Any CPU.ActiveCfg = Release|Any CPU
		{F4FD6B75-6880-4C0D-8D1E-CAF7106E6576}.Release|Any CPU.Build.0 = Release|Any CPU
		{9C8764CF-AED5-4ACE-B2A7-586D6AFDCC97}.Debug|Any CPU.ActiveCfg = Debug|Any CPU
		{9C8764CF-AED5-4ACE-B2A7-586D6AFDCC97}.Debug|Any CPU.Build.0 = Debug|Any CPU
		{9C8764CF-AED5-4ACE-B2A7-586D6AFDCC97}.Release|Any CPU.ActiveCfg = Release|Any CPU
		{9C8764CF-AED5-4ACE-B2A7-586D6AFDCC97}.Release|Any CPU.Build.0 = Release|Any CPU
		{7CD09BB1-9618-43E4-91AF-9C184CB80A6E}.Debug|Any CPU.ActiveCfg = Debug|Any CPU
		{7CD09BB1-9618-43E4-91AF-9C184CB80A6E}.Debug|Any CPU.Build.0 = Debug|Any CPU
		{7CD09BB1-9618-43E4-91AF-9C184CB80A6E}.Release|Any CPU.ActiveCfg = Release|Any CPU
		{7CD09BB1-9618-43E4-91AF-9C184CB80A6E}.Release|Any CPU.Build.0 = Release|Any CPU
		{CD6DE77C-654F-4A36-8410-BAB73AFD1DDA}.Debug|Any CPU.ActiveCfg = Debug|Any CPU
		{CD6DE77C-654F-4A36-8410-BAB73AFD1DDA}.Debug|Any CPU.Build.0 = Debug|Any CPU
		{CD6DE77C-654F-4A36-8410-BAB73AFD1DDA}.Release|Any CPU.ActiveCfg = Release|Any CPU
		{CD6DE77C-654F-4A36-8410-BAB73AFD1DDA}.Release|Any CPU.Build.0 = Release|Any CPU
		{DDEF44A4-EBDF-43A8-9D47-3E9C4C2AC54C}.Debug|Any CPU.ActiveCfg = Debug|Any CPU
		{DDEF44A4-EBDF-43A8-9D47-3E9C4C2AC54C}.Debug|Any CPU.Build.0 = Debug|Any CPU
		{DDEF44A4-EBDF-43A8-9D47-3E9C4C2AC54C}.Release|Any CPU.ActiveCfg = Release|Any CPU
		{DDEF44A4-EBDF-43A8-9D47-3E9C4C2AC54C}.Release|Any CPU.Build.0 = Release|Any CPU
		{5C26BFC3-8DFD-411B-A9F7-97DB3C3525A1}.Debug|Any CPU.ActiveCfg = Debug|Any CPU
		{5C26BFC3-8DFD-411B-A9F7-97DB3C3525A1}.Debug|Any CPU.Build.0 = Debug|Any CPU
		{5C26BFC3-8DFD-411B-A9F7-97DB3C3525A1}.Release|Any CPU.ActiveCfg = Release|Any CPU
		{5C26BFC3-8DFD-411B-A9F7-97DB3C3525A1}.Release|Any CPU.Build.0 = Release|Any CPU
		{DAEF0BFE-7C9B-40A6-9D83-1C462F387F39}.Debug|Any CPU.ActiveCfg = Debug|Any CPU
		{DAEF0BFE-7C9B-40A6-9D83-1C462F387F39}.Debug|Any CPU.Build.0 = Debug|Any CPU
		{DAEF0BFE-7C9B-40A6-9D83-1C462F387F39}.Release|Any CPU.ActiveCfg = Release|Any CPU
		{DAEF0BFE-7C9B-40A6-9D83-1C462F387F39}.Release|Any CPU.Build.0 = Release|Any CPU
		{E2582ED4-60A9-4383-B4B5-0749C987F481}.Debug|Any CPU.ActiveCfg = Debug|Any CPU
		{E2582ED4-60A9-4383-B4B5-0749C987F481}.Debug|Any CPU.Build.0 = Debug|Any CPU
		{E2582ED4-60A9-4383-B4B5-0749C987F481}.Release|Any CPU.ActiveCfg = Release|Any CPU
		{E2582ED4-60A9-4383-B4B5-0749C987F481}.Release|Any CPU.Build.0 = Release|Any CPU
		{516C64D7-D14F-4CDD-A322-19DD15E18BF7}.Debug|Any CPU.ActiveCfg = Debug|Any CPU
		{516C64D7-D14F-4CDD-A322-19DD15E18BF7}.Debug|Any CPU.Build.0 = Debug|Any CPU
		{516C64D7-D14F-4CDD-A322-19DD15E18BF7}.Release|Any CPU.ActiveCfg = Release|Any CPU
		{516C64D7-D14F-4CDD-A322-19DD15E18BF7}.Release|Any CPU.Build.0 = Release|Any CPU
	EndGlobalSection
	GlobalSection(SolutionProperties) = preSolution
		HideSolutionNode = FALSE
	EndGlobalSection
	GlobalSection(ExtensibilityGlobals) = postSolution
		SolutionGuid = {56191187-AFFD-432C-95D8-4AB01DDA26C6}
	EndGlobalSection
EndGlobal
